
Microsoft Visual Studio Solution File, Format Version 12.00
# Visual Studio 14
VisualStudioVersion = 14.0.24720.0
MinimumVisualStudioVersion = 10.0.40219.1
Project("{FAE04EC0-301F-11D3-BF4B-00C04F79EFBC}") = "TrivialWikiAPI", "TrivialWikiAPI\TrivialWikiAPI.csproj", "{F628C084-A554-4F37-B5B1-1D6D077EEBE2}"
EndProject
Project("{FAE04EC0-301F-11D3-BF4B-00C04F79EFBC}") = "POSTagger", "POSTagger\POSTagger.csproj", "{27735FAC-0243-429F-84A5-989466547A7B}"
EndProject
Global
	GlobalSection(SolutionConfigurationPlatforms) = preSolution
		Debug|Any CPU = Debug|Any CPU
		Release|Any CPU = Release|Any CPU
	EndGlobalSection
	GlobalSection(ProjectConfigurationPlatforms) = postSolution
		{F628C084-A554-4F37-B5B1-1D6D077EEBE2}.Debug|Any CPU.ActiveCfg = Debug|Any CPU
		{F628C084-A554-4F37-B5B1-1D6D077EEBE2}.Debug|Any CPU.Build.0 = Debug|Any CPU
		{F628C084-A554-4F37-B5B1-1D6D077EEBE2}.Release|Any CPU.ActiveCfg = Release|Any CPU
		{F628C084-A554-4F37-B5B1-1D6D077EEBE2}.Release|Any CPU.Build.0 = Release|Any CPU
		{27735FAC-0243-429F-84A5-989466547A7B}.Debug|Any CPU.ActiveCfg = Debug|Any CPU
		{27735FAC-0243-429F-84A5-989466547A7B}.Debug|Any CPU.Build.0 = Debug|Any CPU
		{27735FAC-0243-429F-84A5-989466547A7B}.Release|Any CPU.ActiveCfg = Release|Any CPU
		{27735FAC-0243-429F-84A5-989466547A7B}.Release|Any CPU.Build.0 = Release|Any CPU
	EndGlobalSection
	GlobalSection(SolutionProperties) = preSolution
		HideSolutionNode = FALSE
	EndGlobalSection
EndGlobal
