
Microsoft Visual Studio Solution File, Format Version 12.00
# Visual Studio 14
VisualStudioVersion = 14.0.25123.0
MinimumVisualStudioVersion = 10.0.40219.1
Project("{FAE04EC0-301F-11D3-BF4B-00C04F79EFBC}") = "TrivialWikiAPI", "TrivialWikiAPI\TrivialWikiAPI.csproj", "{F628C084-A554-4F37-B5B1-1D6D077EEBE2}"
EndProject
Project("{FAE04EC0-301F-11D3-BF4B-00C04F79EFBC}") = "POSTagger", "POSTagger\POSTagger.csproj", "{A6709F99-EE06-4F3F-B25F-3451621039C2}"
EndProject
Project("{FAE04EC0-301F-11D3-BF4B-00C04F79EFBC}") = "WikipediaResourceFinder", "WikipediaResourceFinder\WikipediaResourceFinder.csproj", "{400BE6E8-5E92-4D67-847E-81E508FF582B}"
EndProject
Project("{FAE04EC0-301F-11D3-BF4B-00C04F79EFBC}") = "DatabaseManager", "DatabaseManager\DatabaseManager.csproj", "{E0A4D38B-CADC-49B1-BB3D-7990D8A97552}"
EndProject
Project("{FAE04EC0-301F-11D3-BF4B-00C04F79EFBC}") = "WikiTrivia.Utilities", "WikiTrivia.Utilities\WikiTrivia.Utilities.csproj", "{8B8B3F72-08EB-40B6-9C15-3D6D9BEE81F5}"
EndProject
Project("{FAE04EC0-301F-11D3-BF4B-00C04F79EFBC}") = "WikiTrivia.TriviaCore", "WikiTrivia.TriviaCore\WikiTrivia.TriviaCore.csproj", "{6026F073-FD4F-4761-8FDC-39EE1D7E9D64}"
EndProject
Global
	GlobalSection(SolutionConfigurationPlatforms) = preSolution
		Debug|Any CPU = Debug|Any CPU
		Release|Any CPU = Release|Any CPU
	EndGlobalSection
	GlobalSection(ProjectConfigurationPlatforms) = postSolution
		{F628C084-A554-4F37-B5B1-1D6D077EEBE2}.Debug|Any CPU.ActiveCfg = Debug|Any CPU
		{F628C084-A554-4F37-B5B1-1D6D077EEBE2}.Debug|Any CPU.Build.0 = Debug|Any CPU
		{F628C084-A554-4F37-B5B1-1D6D077EEBE2}.Release|Any CPU.ActiveCfg = Release|Any CPU
		{F628C084-A554-4F37-B5B1-1D6D077EEBE2}.Release|Any CPU.Build.0 = Release|Any CPU
		{A6709F99-EE06-4F3F-B25F-3451621039C2}.Debug|Any CPU.ActiveCfg = Debug|Any CPU
		{A6709F99-EE06-4F3F-B25F-3451621039C2}.Debug|Any CPU.Build.0 = Debug|Any CPU
		{A6709F99-EE06-4F3F-B25F-3451621039C2}.Release|Any CPU.ActiveCfg = Release|Any CPU
		{A6709F99-EE06-4F3F-B25F-3451621039C2}.Release|Any CPU.Build.0 = Release|Any CPU
		{400BE6E8-5E92-4D67-847E-81E508FF582B}.Debug|Any CPU.ActiveCfg = Debug|Any CPU
		{400BE6E8-5E92-4D67-847E-81E508FF582B}.Debug|Any CPU.Build.0 = Debug|Any CPU
		{400BE6E8-5E92-4D67-847E-81E508FF582B}.Release|Any CPU.ActiveCfg = Release|Any CPU
		{400BE6E8-5E92-4D67-847E-81E508FF582B}.Release|Any CPU.Build.0 = Release|Any CPU
		{E0A4D38B-CADC-49B1-BB3D-7990D8A97552}.Debug|Any CPU.ActiveCfg = Debug|Any CPU
		{E0A4D38B-CADC-49B1-BB3D-7990D8A97552}.Debug|Any CPU.Build.0 = Debug|Any CPU
		{E0A4D38B-CADC-49B1-BB3D-7990D8A97552}.Release|Any CPU.ActiveCfg = Release|Any CPU
		{E0A4D38B-CADC-49B1-BB3D-7990D8A97552}.Release|Any CPU.Build.0 = Release|Any CPU
		{8B8B3F72-08EB-40B6-9C15-3D6D9BEE81F5}.Debug|Any CPU.ActiveCfg = Debug|Any CPU
		{8B8B3F72-08EB-40B6-9C15-3D6D9BEE81F5}.Debug|Any CPU.Build.0 = Debug|Any CPU
		{8B8B3F72-08EB-40B6-9C15-3D6D9BEE81F5}.Release|Any CPU.ActiveCfg = Release|Any CPU
		{8B8B3F72-08EB-40B6-9C15-3D6D9BEE81F5}.Release|Any CPU.Build.0 = Release|Any CPU
		{6026F073-FD4F-4761-8FDC-39EE1D7E9D64}.Debug|Any CPU.ActiveCfg = Debug|Any CPU
		{6026F073-FD4F-4761-8FDC-39EE1D7E9D64}.Debug|Any CPU.Build.0 = Debug|Any CPU
		{6026F073-FD4F-4761-8FDC-39EE1D7E9D64}.Release|Any CPU.ActiveCfg = Release|Any CPU
		{6026F073-FD4F-4761-8FDC-39EE1D7E9D64}.Release|Any CPU.Build.0 = Release|Any CPU
	EndGlobalSection
	GlobalSection(SolutionProperties) = preSolution
		HideSolutionNode = FALSE
	EndGlobalSection
EndGlobal
